
Microsoft Visual Studio Solution File, Format Version 12.00
# Visual Studio 15
VisualStudioVersion = 15.0.27130.2027
MinimumVisualStudioVersion = 10.0.40219.1
Project("{FAE04EC0-301F-11D3-BF4B-00C04F79EFBC}") = "ShoppingList", "FoodPlanner\ShoppingList.csproj", "{9DADA5C0-0652-49E6-99F7-27A5212660FF}"
EndProject
Project("{FAE04EC0-301F-11D3-BF4B-00C04F79EFBC}") = "Profile", "..\Profile\Profile\Profile.csproj", "{1D18567A-B882-4227-B5F3-06830D81EE21}"
EndProject
Project("{2150E333-8FDC-42A3-9474-1A3956D46DE8}") = "Solution Items", "Solution Items", "{4F2A3D03-89BF-499F-AB39-C945F7E7D6D3}"
	ProjectSection(SolutionItems) = preProject
		ProfileClass.cs = ProfileClass.cs
	EndProjectSection
EndProject
Project("{FAE04EC0-301F-11D3-BF4B-00C04F79EFBC}") = "WeekPlanner", "..\WeekPlanner\WeekPlanner\WeekPlanner.csproj", "{7AB0CD60-36DF-4169-919A-7B8A27EA09D3}"
EndProject
Project("{FAE04EC0-301F-11D3-BF4B-00C04F79EFBC}") = "Password Validation", "..\Password Validation\Password Validation\Password Validation.csproj", "{28835C0A-BC4D-4C5F-9A31-0F4878947EF7}"
EndProject
Global
	GlobalSection(SolutionConfigurationPlatforms) = preSolution
		Debug|Any CPU = Debug|Any CPU
		Release|Any CPU = Release|Any CPU
	EndGlobalSection
	GlobalSection(ProjectConfigurationPlatforms) = postSolution
		{9DADA5C0-0652-49E6-99F7-27A5212660FF}.Debug|Any CPU.ActiveCfg = Debug|Any CPU
		{9DADA5C0-0652-49E6-99F7-27A5212660FF}.Debug|Any CPU.Build.0 = Debug|Any CPU
		{9DADA5C0-0652-49E6-99F7-27A5212660FF}.Release|Any CPU.ActiveCfg = Release|Any CPU
		{9DADA5C0-0652-49E6-99F7-27A5212660FF}.Release|Any CPU.Build.0 = Release|Any CPU
		{1D18567A-B882-4227-B5F3-06830D81EE21}.Debug|Any CPU.ActiveCfg = Debug|Any CPU
		{1D18567A-B882-4227-B5F3-06830D81EE21}.Debug|Any CPU.Build.0 = Debug|Any CPU
		{1D18567A-B882-4227-B5F3-06830D81EE21}.Release|Any CPU.ActiveCfg = Release|Any CPU
		{1D18567A-B882-4227-B5F3-06830D81EE21}.Release|Any CPU.Build.0 = Release|Any CPU
		{7AB0CD60-36DF-4169-919A-7B8A27EA09D3}.Debug|Any CPU.ActiveCfg = Debug|Any CPU
		{7AB0CD60-36DF-4169-919A-7B8A27EA09D3}.Debug|Any CPU.Build.0 = Debug|Any CPU
		{7AB0CD60-36DF-4169-919A-7B8A27EA09D3}.Release|Any CPU.ActiveCfg = Release|Any CPU
		{7AB0CD60-36DF-4169-919A-7B8A27EA09D3}.Release|Any CPU.Build.0 = Release|Any CPU
		{28835C0A-BC4D-4C5F-9A31-0F4878947EF7}.Debug|Any CPU.ActiveCfg = Debug|Any CPU
		{28835C0A-BC4D-4C5F-9A31-0F4878947EF7}.Debug|Any CPU.Build.0 = Debug|Any CPU
		{28835C0A-BC4D-4C5F-9A31-0F4878947EF7}.Release|Any CPU.ActiveCfg = Release|Any CPU
		{28835C0A-BC4D-4C5F-9A31-0F4878947EF7}.Release|Any CPU.Build.0 = Release|Any CPU
	EndGlobalSection
	GlobalSection(SolutionProperties) = preSolution
		HideSolutionNode = FALSE
	EndGlobalSection
	GlobalSection(ExtensibilityGlobals) = postSolution
		SolutionGuid = {07A2401D-2FF1-4A91-B7C3-6ADB53D663C1}
	EndGlobalSection
EndGlobal
